
Microsoft Visual Studio Solution File, Format Version 12.00
# Visual Studio Version 17
VisualStudioVersion = 17.0.32002.185
MinimumVisualStudioVersion = 10.0.40219.1
Project("{FAE04EC0-301F-11D3-BF4B-00C04F79EFBC}") = "WebApplication1", "WebApplication1\WebApplication1.csproj", "{1AE16A12-B981-47E7-BDDC-33CE97EB2046}"
EndProject
Global
	GlobalSection(SolutionConfigurationPlatforms) = preSolution
		Debug|Any CPU = Debug|Any CPU
		Release|Any CPU = Release|Any CPU
	EndGlobalSection
	GlobalSection(ProjectConfigurationPlatforms) = postSolution
		{1AE16A12-B981-47E7-BDDC-33CE97EB2046}.Debug|Any CPU.ActiveCfg = Debug|Any CPU
		{1AE16A12-B981-47E7-BDDC-33CE97EB2046}.Debug|Any CPU.Build.0 = Debug|Any CPU
		{1AE16A12-B981-47E7-BDDC-33CE97EB2046}.Release|Any CPU.ActiveCfg = Release|Any CPU
		{1AE16A12-B981-47E7-BDDC-33CE97EB2046}.Release|Any CPU.Build.0 = Release|Any CPU
	EndGlobalSection
	GlobalSection(SolutionProperties) = preSolution
		HideSolutionNode = FALSE
	EndGlobalSection
	GlobalSection(ExtensibilityGlobals) = postSolution
		SolutionGuid = {DE5FE197-00EF-413F-A339-F6A3E2BD28F2}
	EndGlobalSection
EndGlobal
